{
  "version": 4,
  "terraform_version": "1.10.5",
  "serial": 68,
  "lineage": "55b51bb7-a238-4832-eea5-aa80a3a92059",
  "outputs": {
    "bigquery_dataset_id": {
      "value": "ny_taxi_trips",
      "type": "string"
    },
    "green_table_taxi_id": {
      "value": "green_taxi",
      "type": "string"
    },
    "yellow_table_taxi_id": {
      "value": "yellow_taxi",
      "type": "string"
    }
  },
  "resources": [
    {
      "mode": "managed",
      "type": "google_bigquery_dataset",
      "name": "ny_taxi_trips",
      "provider": "provider[\"registry.terraform.io/hashicorp/google\"]",
      "instances": [
        {
          "schema_version": 0,
          "attributes": {
            "access": [
              {
                "dataset": [],
                "domain": "",
                "group_by_email": "",
                "role": "OWNER",
                "routine": [],
                "special_group": "",
                "user_by_email": "ny-taxi-trips-pipeline@ny-taxi-trips-pipeline.iam.gserviceaccount.com",
                "view": []
              },
              {
                "dataset": [],
                "domain": "",
                "group_by_email": "",
                "role": "OWNER",
                "routine": [],
                "special_group": "projectOwners",
                "user_by_email": "",
                "view": []
              },
              {
                "dataset": [],
                "domain": "",
                "group_by_email": "",
                "role": "READER",
                "routine": [],
                "special_group": "projectReaders",
                "user_by_email": "",
                "view": []
              },
              {
                "dataset": [],
                "domain": "",
                "group_by_email": "",
                "role": "WRITER",
                "routine": [],
                "special_group": "projectWriters",
                "user_by_email": "",
                "view": []
              }
            ],
            "creation_time": 1739991936663,
            "dataset_id": "ny_taxi_trips",
            "default_collation": "",
            "default_encryption_configuration": [],
            "default_partition_expiration_ms": 0,
            "default_table_expiration_ms": 0,
            "delete_contents_on_destroy": false,
            "description": "",
            "etag": "KPrYjAgoMaGf1QgawnvDiA==",
            "friendly_name": "",
            "id": "projects/ny-taxi-trips-pipeline/datasets/ny_taxi_trips",
            "is_case_insensitive": false,
            "labels": {},
            "last_modified_time": 1739991936663,
            "location": "US",
            "max_time_travel_hours": "168",
            "project": "ny-taxi-trips-pipeline",
            "self_link": "https://bigquery.googleapis.com/bigquery/v2/projects/ny-taxi-trips-pipeline/datasets/ny_taxi_trips",
            "storage_billing_model": "",
            "timeouts": null
          },
          "sensitive_attributes": [],
          "private": "eyJlMmJmYjczMC1lY2FhLTExZTYtOGY4OC0zNDM2M2JjN2M0YzAiOnsiY3JlYXRlIjoxMjAwMDAwMDAwMDAwLCJkZWxldGUiOjEyMDAwMDAwMDAwMDAsInVwZGF0ZSI6MTIwMDAwMDAwMDAwMH19"
        }
      ]
    },
    {
      "mode": "managed",
      "type": "google_bigquery_table",
      "name": "green_taxi",
      "provider": "provider[\"registry.terraform.io/hashicorp/google\"]",
      "instances": [
        {
          "schema_version": 0,
          "attributes": {
            "clustering": null,
            "creation_time": 1740673224061,
            "dataset_id": "ny_taxi_trips",
            "deletion_protection": false,
            "description": "",
            "encryption_configuration": [],
            "etag": "MezE+c5tApoH9h/gs08VpQ==",
            "expiration_time": 0,
            "external_data_configuration": [],
            "friendly_name": "",
            "id": "projects/ny-taxi-trips-pipeline/datasets/ny_taxi_trips/tables/green_taxi",
            "labels": {},
            "last_modified_time": 1740673224112,
            "location": "US",
            "materialized_view": [],
            "max_staleness": "",
            "num_bytes": 0,
            "num_long_term_bytes": 0,
            "num_rows": 0,
            "project": "ny-taxi-trips-pipeline",
            "range_partitioning": [],
            "schema": "[{\"mode\":\"NULLABLE\",\"name\":\"VendorID\",\"type\":\"INTEGER\"},{\"mode\":\"NULLABLE\",\"name\":\"lpep_pickup_datetime\",\"type\":\"TIMESTAMP\"},{\"mode\":\"NULLABLE\",\"name\":\"lpep_dropoff_datetime\",\"type\":\"TIMESTAMP\"},{\"mode\":\"NULLABLE\",\"name\":\"Passenger_count\",\"type\":\"FLOAT\"},{\"mode\":\"NULLABLE\",\"name\":\"Trip_distance\",\"type\":\"FLOAT\"},{\"mode\":\"NULLABLE\",\"name\":\"Fare_amount\",\"type\":\"FLOAT\"},{\"mode\":\"NULLABLE\",\"name\":\"Tip_amount\",\"type\":\"FLOAT\"},{\"mode\":\"NULLABLE\",\"name\":\"Total_amount\",\"type\":\"FLOAT\"},{\"mode\":\"NULLABLE\",\"name\":\"Payment_type\",\"type\":\"STRING\"}]",
            "self_link": "https://bigquery.googleapis.com/bigquery/v2/projects/ny-taxi-trips-pipeline/datasets/ny_taxi_trips/tables/green_taxi",
            "table_constraints": [],
            "table_id": "green_taxi",
            "time_partitioning": [
              {
                "expiration_ms": 0,
                "field": "",
                "require_partition_filter": false,
                "type": "DAY"
              }
            ],
            "type": "TABLE",
            "view": []
          },
          "sensitive_attributes": [],
          "private": "bnVsbA==",
          "dependencies": [
            "google_bigquery_dataset.ny_taxi_trips"
          ]
        }
      ]
    },
    {
      "mode": "managed",
      "type": "google_bigquery_table",
      "name": "yellow_taxi",
      "provider": "provider[\"registry.terraform.io/hashicorp/google\"]",
      "instances": [
        {
          "schema_version": 0,
          "attributes": {
            "clustering": null,
            "creation_time": 1740673323885,
            "dataset_id": "ny_taxi_trips",
            "deletion_protection": false,
            "description": "",
            "encryption_configuration": [],
            "etag": "rr+Mog8PejTNAHSNZIzbVA==",
            "expiration_time": 0,
            "external_data_configuration": [],
            "friendly_name": "",
            "id": "projects/ny-taxi-trips-pipeline/datasets/ny_taxi_trips/tables/yellow_taxi",
            "labels": null,
            "last_modified_time": 1740673323968,
            "location": "US",
            "materialized_view": [],
            "max_staleness": "",
            "num_bytes": 0,
            "num_long_term_bytes": 0,
            "num_rows": 0,
            "project": "ny-taxi-trips-pipeline",
            "range_partitioning": [],
            "schema": "[{\"mode\":\"NULLABLE\",\"name\":\"VendorID\",\"type\":\"INTEGER\"},{\"mode\":\"NULLABLE\",\"name\":\"tpep_pickup_datetime\",\"type\":\"TIMESTAMP\"},{\"mode\":\"NULLABLE\",\"name\":\"tpep_dropoff_datetime\",\"type\":\"TIMESTAMP\"},{\"mode\":\"NULLABLE\",\"name\":\"Passenger_count\",\"type\":\"FLOAT\"},{\"mode\":\"NULLABLE\",\"name\":\"Trip_distance\",\"type\":\"FLOAT\"},{\"mode\":\"NULLABLE\",\"name\":\"Payment_type\",\"type\":\"STRING\"},{\"mode\":\"NULLABLE\",\"name\":\"Fare_amount\",\"type\":\"FLOAT\"},{\"mode\":\"NULLABLE\",\"name\":\"Tip_amount\",\"type\":\"FLOAT\"},{\"mode\":\"NULLABLE\",\"name\":\"Total_amount\",\"type\":\"FLOAT\"}]",
            "self_link": "https://bigquery.googleapis.com/bigquery/v2/projects/ny-taxi-trips-pipeline/datasets/ny_taxi_trips/tables/yellow_taxi",
            "table_constraints": [],
            "table_id": "yellow_taxi",
            "time_partitioning": [
              {
                "expiration_ms": 0,
                "field": "",
                "require_partition_filter": false,
                "type": "DAY"
              }
            ],
            "type": "TABLE",
            "view": []
          },
          "sensitive_attributes": [],
          "private": "bnVsbA==",
          "dependencies": [
            "google_bigquery_dataset.ny_taxi_trips"
          ]
        }
      ]
    }
  ],
  "check_results": null
}
